
Microsoft Visual Studio Solution File, Format Version 12.00
# Visual Studio Version 17
VisualStudioVersion = 17.3.32929.385
MinimumVisualStudioVersion = 10.0.40219.1
Project("{FAE04EC0-301F-11D3-BF4B-00C04F79EFBC}") = "ARM Fast-Food", "ARM Fast-Food\ARM Fast-Food.csproj", "{5C9FE5E2-1DB8-4C70-A8A2-CC7CB665C489}"
EndProject
Global
	GlobalSection(SolutionConfigurationPlatforms) = preSolution
		Debug|Any CPU = Debug|Any CPU
		Release|Any CPU = Release|Any CPU
	EndGlobalSection
	GlobalSection(ProjectConfigurationPlatforms) = postSolution
		{5C9FE5E2-1DB8-4C70-A8A2-CC7CB665C489}.Debug|Any CPU.ActiveCfg = Debug|Any CPU
		{5C9FE5E2-1DB8-4C70-A8A2-CC7CB665C489}.Debug|Any CPU.Build.0 = Debug|Any CPU
		{5C9FE5E2-1DB8-4C70-A8A2-CC7CB665C489}.Release|Any CPU.ActiveCfg = Release|Any CPU
		{5C9FE5E2-1DB8-4C70-A8A2-CC7CB665C489}.Release|Any CPU.Build.0 = Release|Any CPU
	EndGlobalSection
	GlobalSection(SolutionProperties) = preSolution
		HideSolutionNode = FALSE
	EndGlobalSection
	GlobalSection(ExtensibilityGlobals) = postSolution
		SolutionGuid = {7C445B26-C3D9-41D6-A0E2-3030BFE93788}
	EndGlobalSection
EndGlobal
